// !$*UTF8*$!
{
	archiveVersion = 1;
	classes = {
	};
	objectVersion = 46;
	objects = {

/* Begin PBXBuildFile section */
		371067C71CB37F610063E499 /* Launch Screen.storyboard in Resources */ = {isa = PBXBuildFile; fileRef = 371067C61CB37F610063E499 /* Launch Screen.storyboard */; };
		371067D31CB3820E0063E499 /* SLRootViewController.m in Sources */ = {isa = PBXBuildFile; fileRef = 371067D11CB3820E0063E499 /* SLRootViewController.m */; };
		371067D71CB382710063E499 /* SLAppleMapViewController.m in Sources */ = {isa = PBXBuildFile; fileRef = 371067D61CB382710063E499 /* SLAppleMapViewController.m */; };
		371067DA1CB3827E0063E499 /* SLBaiduMapViewController.m in Sources */ = {isa = PBXBuildFile; fileRef = 371067D91CB3827E0063E499 /* SLBaiduMapViewController.m */; };
		371067DD1CB3828F0063E499 /* SLGaodeMapViewController.m in Sources */ = {isa = PBXBuildFile; fileRef = 371067DC1CB3828F0063E499 /* SLGaodeMapViewController.m */; };
		371067E01CB387D30063E499 /* SLBaseMapViewController.m in Sources */ = {isa = PBXBuildFile; fileRef = 371067DF1CB387D30063E499 /* SLBaseMapViewController.m */; };
		371067E31CB38ADD0063E499 /* SLAppleAnnotation.m in Sources */ = {isa = PBXBuildFile; fileRef = 371067E21CB38ADD0063E499 /* SLAppleAnnotation.m */; };
		371067F21CB38D750063E499 /* SLAppleAnnotationView.m in Sources */ = {isa = PBXBuildFile; fileRef = 371067F11CB38D750063E499 /* SLAppleAnnotationView.m */; };
		371067F51CB3936A0063E499 /* SLGaodeAnnotation.m in Sources */ = {isa = PBXBuildFile; fileRef = 371067F41CB3936A0063E499 /* SLGaodeAnnotation.m */; };
		371067F81CB393980063E499 /* SLGaodeAnnotationView.m in Sources */ = {isa = PBXBuildFile; fileRef = 371067F71CB393980063E499 /* SLGaodeAnnotationView.m */; };
		371067FB1CB3954A0063E499 /* SLBaiduAnnotation.m in Sources */ = {isa = PBXBuildFile; fileRef = 371067FA1CB3954A0063E499 /* SLBaiduAnnotation.m */; };
		371067FE1CB3956B0063E499 /* SLBaiduAnnotationView.m in Sources */ = {isa = PBXBuildFile; fileRef = 371067FD1CB3956B0063E499 /* SLBaiduAnnotationView.m */; };
		6003F58E195388D20070C39A /* Foundation.framework in Frameworks */ = {isa = PBXBuildFile; fileRef = 6003F58D195388D20070C39A /* Foundation.framework */; };
		6003F590195388D20070C39A /* CoreGraphics.framework in Frameworks */ = {isa = PBXBuildFile; fileRef = 6003F58F195388D20070C39A /* CoreGraphics.framework */; };
		6003F592195388D20070C39A /* UIKit.framework in Frameworks */ = {isa = PBXBuildFile; fileRef = 6003F591195388D20070C39A /* UIKit.framework */; };
		6003F598195388D20070C39A /* InfoPlist.strings in Resources */ = {isa = PBXBuildFile; fileRef = 6003F596195388D20070C39A /* InfoPlist.strings */; };
		6003F59A195388D20070C39A /* main.m in Sources */ = {isa = PBXBuildFile; fileRef = 6003F599195388D20070C39A /* main.m */; };
		6003F59E195388D20070C39A /* SLAppDelegate.m in Sources */ = {isa = PBXBuildFile; fileRef = 6003F59D195388D20070C39A /* SLAppDelegate.m */; };
		6003F5A9195388D20070C39A /* Images.xcassets in Resources */ = {isa = PBXBuildFile; fileRef = 6003F5A8195388D20070C39A /* Images.xcassets */; };
		9C88A1CB9AEBCAA9E8AC5C20 /* libPods-HYMapKit_Example.a in Frameworks */ = {isa = PBXBuildFile; fileRef = 1E3D8B53DF103D4E08479EF3 /* libPods-HYMapKit_Example.a */; };
/* End PBXBuildFile section */

/* Begin PBXFileReference section */
		1E3D8B53DF103D4E08479EF3 /* libPods-HYMapKit_Example.a */ = {isa = PBXFileReference; explicitFileType = archive.ar; includeInIndex = 0; path = "libPods-HYMapKit_Example.a"; sourceTree = BUILT_PRODUCTS_DIR; };
		32D221AA7C2B3CBE6C7AD93A /* Pods-HYMapKit_Example.release.xcconfig */ = {isa = PBXFileReference; includeInIndex = 1; lastKnownFileType = text.xcconfig; name = "Pods-HYMapKit_Example.release.xcconfig"; path = "Pods/Target Support Files/Pods-HYMapKit_Example/Pods-HYMapKit_Example.release.xcconfig"; sourceTree = "<group>"; };
		371067C61CB37F610063E499 /* Launch Screen.storyboard */ = {isa = PBXFileReference; fileEncoding = 4; lastKnownFileType = file.storyboard; path = "Launch Screen.storyboard"; sourceTree = "<group>"; };
		371067D01CB3820E0063E499 /* SLRootViewController.h */ = {isa = PBXFileReference; fileEncoding = 4; lastKnownFileType = sourcecode.c.h; path = SLRootViewController.h; sourceTree = "<group>"; };
		371067D11CB3820E0063E499 /* SLRootViewController.m */ = {isa = PBXFileReference; fileEncoding = 4; lastKnownFileType = sourcecode.c.objc; path = SLRootViewController.m; sourceTree = "<group>"; };
		371067D51CB382710063E499 /* SLAppleMapViewController.h */ = {isa = PBXFileReference; fileEncoding = 4; lastKnownFileType = sourcecode.c.h; path = SLAppleMapViewController.h; sourceTree = "<group>"; };
		371067D61CB382710063E499 /* SLAppleMapViewController.m */ = {isa = PBXFileReference; fileEncoding = 4; lastKnownFileType = sourcecode.c.objc; path = SLAppleMapViewController.m; sourceTree = "<group>"; };
		371067D81CB3827E0063E499 /* SLBaiduMapViewController.h */ = {isa = PBXFileReference; fileEncoding = 4; lastKnownFileType = sourcecode.c.h; path = SLBaiduMapViewController.h; sourceTree = "<group>"; };
		371067D91CB3827E0063E499 /* SLBaiduMapViewController.m */ = {isa = PBXFileReference; fileEncoding = 4; lastKnownFileType = sourcecode.c.objc; path = SLBaiduMapViewController.m; sourceTree = "<group>"; };
		371067DB1CB3828F0063E499 /* SLGaodeMapViewController.h */ = {isa = PBXFileReference; fileEncoding = 4; lastKnownFileType = sourcecode.c.h; path = SLGaodeMapViewController.h; sourceTree = "<group>"; };
		371067DC1CB3828F0063E499 /* SLGaodeMapViewController.m */ = {isa = PBXFileReference; fileEncoding = 4; lastKnownFileType = sourcecode.c.objc; path = SLGaodeMapViewController.m; sourceTree = "<group>"; };
		371067DE1CB387D20063E499 /* SLBaseMapViewController.h */ = {isa = PBXFileReference; fileEncoding = 4; lastKnownFileType = sourcecode.c.h; path = SLBaseMapViewController.h; sourceTree = "<group>"; };
		371067DF1CB387D30063E499 /* SLBaseMapViewController.m */ = {isa = PBXFileReference; fileEncoding = 4; lastKnownFileType = sourcecode.c.objc; path = SLBaseMapViewController.m; sourceTree = "<group>"; };
		371067E11CB38ADD0063E499 /* SLAppleAnnotation.h */ = {isa = PBXFileReference; fileEncoding = 4; lastKnownFileType = sourcecode.c.h; path = SLAppleAnnotation.h; sourceTree = "<group>"; };
		371067E21CB38ADD0063E499 /* SLAppleAnnotation.m */ = {isa = PBXFileReference; fileEncoding = 4; lastKnownFileType = sourcecode.c.objc; path = SLAppleAnnotation.m; sourceTree = "<group>"; };
		371067F01CB38D750063E499 /* SLAppleAnnotationView.h */ = {isa = PBXFileReference; fileEncoding = 4; lastKnownFileType = sourcecode.c.h; path = SLAppleAnnotationView.h; sourceTree = "<group>"; };
		371067F11CB38D750063E499 /* SLAppleAnnotationView.m */ = {isa = PBXFileReference; fileEncoding = 4; lastKnownFileType = sourcecode.c.objc; path = SLAppleAnnotationView.m; sourceTree = "<group>"; };
		371067F31CB3936A0063E499 /* SLGaodeAnnotation.h */ = {isa = PBXFileReference; fileEncoding = 4; lastKnownFileType = sourcecode.c.h; path = SLGaodeAnnotation.h; sourceTree = "<group>"; };
		371067F41CB3936A0063E499 /* SLGaodeAnnotation.m */ = {isa = PBXFileReference; fileEncoding = 4; lastKnownFileType = sourcecode.c.objc; path = SLGaodeAnnotation.m; sourceTree = "<group>"; };
		371067F61CB393980063E499 /* SLGaodeAnnotationView.h */ = {isa = PBXFileReference; fileEncoding = 4; lastKnownFileType = sourcecode.c.h; path = SLGaodeAnnotationView.h; sourceTree = "<group>"; };
		371067F71CB393980063E499 /* SLGaodeAnnotationView.m */ = {isa = PBXFileReference; fileEncoding = 4; lastKnownFileType = sourcecode.c.objc; path = SLGaodeAnnotationView.m; sourceTree = "<group>"; };
		371067F91CB3954A0063E499 /* SLBaiduAnnotation.h */ = {isa = PBXFileReference; fileEncoding = 4; lastKnownFileType = sourcecode.c.h; path = SLBaiduAnnotation.h; sourceTree = "<group>"; };
		371067FA1CB3954A0063E499 /* SLBaiduAnnotation.m */ = {isa = PBXFileReference; fileEncoding = 4; lastKnownFileType = sourcecode.c.objc; path = SLBaiduAnnotation.m; sourceTree = "<group>"; };
		371067FC1CB3956B0063E499 /* SLBaiduAnnotationView.h */ = {isa = PBXFileReference; fileEncoding = 4; lastKnownFileType = sourcecode.c.h; path = SLBaiduAnnotationView.h; sourceTree = "<group>"; };
		371067FD1CB3956B0063E499 /* SLBaiduAnnotationView.m */ = {isa = PBXFileReference; fileEncoding = 4; lastKnownFileType = sourcecode.c.objc; path = SLBaiduAnnotationView.m; sourceTree = "<group>"; };
		48BF1F76A473DDCFD94952D8 /* HYMapKit.podspec */ = {isa = PBXFileReference; includeInIndex = 1; lastKnownFileType = text; name = HYMapKit.podspec; path = ../HYMapKit.podspec; sourceTree = "<group>"; };
		4FC6CB3276A0921530B338FA /* Pods_HYMapKit_Tests.framework */ = {isa = PBXFileReference; explicitFileType = wrapper.framework; includeInIndex = 0; path = Pods_HYMapKit_Tests.framework; sourceTree = BUILT_PRODUCTS_DIR; };
		563D042CA59A05394A968772 /* Pods-HYMapKit_Tests.release.xcconfig */ = {isa = PBXFileReference; includeInIndex = 1; lastKnownFileType = text.xcconfig; name = "Pods-HYMapKit_Tests.release.xcconfig"; path = "Pods/Target Support Files/Pods-HYMapKit_Tests/Pods-HYMapKit_Tests.release.xcconfig"; sourceTree = "<group>"; };
		6003F58A195388D20070C39A /* HYMapKit_Example.app */ = {isa = PBXFileReference; explicitFileType = wrapper.application; includeInIndex = 0; path = HYMapKit_Example.app; sourceTree = BUILT_PRODUCTS_DIR; };
		6003F58D195388D20070C39A /* Foundation.framework */ = {isa = PBXFileReference; lastKnownFileType = wrapper.framework; name = Foundation.framework; path = System/Library/Frameworks/Foundation.framework; sourceTree = SDKROOT; };
		6003F58F195388D20070C39A /* CoreGraphics.framework */ = {isa = PBXFileReference; lastKnownFileType = wrapper.framework; name = CoreGraphics.framework; path = System/Library/Frameworks/CoreGraphics.framework; sourceTree = SDKROOT; };
		6003F591195388D20070C39A /* UIKit.framework */ = {isa = PBXFileReference; lastKnownFileType = wrapper.framework; name = UIKit.framework; path = System/Library/Frameworks/UIKit.framework; sourceTree = SDKROOT; };
		6003F595195388D20070C39A /* HYMapKit-Info.plist */ = {isa = PBXFileReference; lastKnownFileType = text.plist.xml; path = "HYMapKit-Info.plist"; sourceTree = "<group>"; };
		6003F597195388D20070C39A /* en */ = {isa = PBXFileReference; lastKnownFileType = text.plist.strings; name = en; path = en.lproj/InfoPlist.strings; sourceTree = "<group>"; };
		6003F599195388D20070C39A /* main.m */ = {isa = PBXFileReference; lastKnownFileType = sourcecode.c.objc; path = main.m; sourceTree = "<group>"; };
		6003F59B195388D20070C39A /* HYMapKit-Prefix.pch */ = {isa = PBXFileReference; lastKnownFileType = sourcecode.c.h; path = "HYMapKit-Prefix.pch"; sourceTree = "<group>"; };
		6003F59C195388D20070C39A /* SLAppDelegate.h */ = {isa = PBXFileReference; lastKnownFileType = sourcecode.c.h; path = SLAppDelegate.h; sourceTree = "<group>"; };
		6003F59D195388D20070C39A /* SLAppDelegate.m */ = {isa = PBXFileReference; lastKnownFileType = sourcecode.c.objc; path = SLAppDelegate.m; sourceTree = "<group>"; };
		6003F5A8195388D20070C39A /* Images.xcassets */ = {isa = PBXFileReference; lastKnownFileType = folder.assetcatalog; path = Images.xcassets; sourceTree = "<group>"; };
		6003F5AF195388D20070C39A /* XCTest.framework */ = {isa = PBXFileReference; lastKnownFileType = wrapper.framework; name = XCTest.framework; path = Library/Frameworks/XCTest.framework; sourceTree = DEVELOPER_DIR; };
		73961BF27C3688FC2476B49B /* README.md */ = {isa = PBXFileReference; includeInIndex = 1; lastKnownFileType = net.daringfireball.markdown; name = README.md; path = ../README.md; sourceTree = "<group>"; };
		74F8D0E39B1C5ECC1C940479 /* LICENSE */ = {isa = PBXFileReference; includeInIndex = 1; lastKnownFileType = text; name = LICENSE; path = ../LICENSE; sourceTree = "<group>"; };
		91E123801B5EC243AC1CBC47 /* Pods-HYMapKit_Example.debug.xcconfig */ = {isa = PBXFileReference; includeInIndex = 1; lastKnownFileType = text.xcconfig; name = "Pods-HYMapKit_Example.debug.xcconfig"; path = "Pods/Target Support Files/Pods-HYMapKit_Example/Pods-HYMapKit_Example.debug.xcconfig"; sourceTree = "<group>"; };
		F4E6FBD5BB6E50C614175FD5 /* Pods-HYMapKit_Tests.debug.xcconfig */ = {isa = PBXFileReference; includeInIndex = 1; lastKnownFileType = text.xcconfig; name = "Pods-HYMapKit_Tests.debug.xcconfig"; path = "Pods/Target Support Files/Pods-HYMapKit_Tests/Pods-HYMapKit_Tests.debug.xcconfig"; sourceTree = "<group>"; };
/* End PBXFileReference section */

/* Begin PBXFrameworksBuildPhase section */
		6003F587195388D20070C39A /* Frameworks */ = {
			isa = PBXFrameworksBuildPhase;
			buildActionMask = 2147483647;
			files = (
				6003F590195388D20070C39A /* CoreGraphics.framework in Frameworks */,
				6003F592195388D20070C39A /* UIKit.framework in Frameworks */,
				6003F58E195388D20070C39A /* Foundation.framework in Frameworks */,
				9C88A1CB9AEBCAA9E8AC5C20 /* libPods-HYMapKit_Example.a in Frameworks */,
			);
			runOnlyForDeploymentPostprocessing = 0;
		};
/* End PBXFrameworksBuildPhase section */

/* Begin PBXGroup section */
		135E53287BC2E3D2ECACC2A4 /* Pods */ = {
			isa = PBXGroup;
			children = (
				91E123801B5EC243AC1CBC47 /* Pods-HYMapKit_Example.debug.xcconfig */,
				32D221AA7C2B3CBE6C7AD93A /* Pods-HYMapKit_Example.release.xcconfig */,
				F4E6FBD5BB6E50C614175FD5 /* Pods-HYMapKit_Tests.debug.xcconfig */,
				563D042CA59A05394A968772 /* Pods-HYMapKit_Tests.release.xcconfig */,
			);
			name = Pods;
			sourceTree = "<group>";
		};
		371067C81CB3809A0063E499 /* 高德地图 */ = {
			isa = PBXGroup;
			children = (
				371067DB1CB3828F0063E499 /* SLGaodeMapViewController.h */,
				371067DC1CB3828F0063E499 /* SLGaodeMapViewController.m */,
				371067F31CB3936A0063E499 /* SLGaodeAnnotation.h */,
				371067F41CB3936A0063E499 /* SLGaodeAnnotation.m */,
				371067F61CB393980063E499 /* SLGaodeAnnotationView.h */,
				371067F71CB393980063E499 /* SLGaodeAnnotationView.m */,
			);
			name = "高德地图";
			sourceTree = "<group>";
		};
		371067C91CB380A60063E499 /* 百度地图 */ = {
			isa = PBXGroup;
			children = (
				371067D81CB3827E0063E499 /* SLBaiduMapViewController.h */,
				371067D91CB3827E0063E499 /* SLBaiduMapViewController.m */,
				371067F91CB3954A0063E499 /* SLBaiduAnnotation.h */,
				371067FA1CB3954A0063E499 /* SLBaiduAnnotation.m */,
				371067FC1CB3956B0063E499 /* SLBaiduAnnotationView.h */,
				371067FD1CB3956B0063E499 /* SLBaiduAnnotationView.m */,
			);
			name = "百度地图";
			sourceTree = "<group>";
		};
		371067CA1CB380B80063E499 /* 苹果地图 */ = {
			isa = PBXGroup;
			children = (
				371067D51CB382710063E499 /* SLAppleMapViewController.h */,
				371067D61CB382710063E499 /* SLAppleMapViewController.m */,
				371067E11CB38ADD0063E499 /* SLAppleAnnotation.h */,
				371067E21CB38ADD0063E499 /* SLAppleAnnotation.m */,
				371067F01CB38D750063E499 /* SLAppleAnnotationView.h */,
				371067F11CB38D750063E499 /* SLAppleAnnotationView.m */,
			);
			name = "苹果地图";
			sourceTree = "<group>";
		};
		6003F581195388D10070C39A = {
			isa = PBXGroup;
			children = (
				60FF7A9C1954A5C5007DD14C /* Podspec Metadata */,
				6003F593195388D20070C39A /* Example for HYMapKit */,
				6003F58C195388D20070C39A /* Frameworks */,
				6003F58B195388D20070C39A /* Products */,
				135E53287BC2E3D2ECACC2A4 /* Pods */,
			);
			sourceTree = "<group>";
		};
		6003F58B195388D20070C39A /* Products */ = {
			isa = PBXGroup;
			children = (
				6003F58A195388D20070C39A /* HYMapKit_Example.app */,
			);
			name = Products;
			sourceTree = "<group>";
		};
		6003F58C195388D20070C39A /* Frameworks */ = {
			isa = PBXGroup;
			children = (
				6003F58D195388D20070C39A /* Foundation.framework */,
				6003F58F195388D20070C39A /* CoreGraphics.framework */,
				6003F591195388D20070C39A /* UIKit.framework */,
				6003F5AF195388D20070C39A /* XCTest.framework */,
				4FC6CB3276A0921530B338FA /* Pods_HYMapKit_Tests.framework */,
				1E3D8B53DF103D4E08479EF3 /* libPods-HYMapKit_Example.a */,
			);
			name = Frameworks;
			sourceTree = "<group>";
		};
		6003F593195388D20070C39A /* Example for HYMapKit */ = {
			isa = PBXGroup;
			children = (
				6003F59C195388D20070C39A /* SLAppDelegate.h */,
				6003F59D195388D20070C39A /* SLAppDelegate.m */,
				371067D01CB3820E0063E499 /* SLRootViewController.h */,
				371067D11CB3820E0063E499 /* SLRootViewController.m */,
				371067DE1CB387D20063E499 /* SLBaseMapViewController.h */,
				371067DF1CB387D30063E499 /* SLBaseMapViewController.m */,
				371067CA1CB380B80063E499 /* 苹果地图 */,
				371067C91CB380A60063E499 /* 百度地图 */,
				371067C81CB3809A0063E499 /* 高德地图 */,
				6003F5A8195388D20070C39A /* Images.xcassets */,
				6003F594195388D20070C39A /* Supporting Files */,
			);
			name = "Example for HYMapKit";
			path = HYMapKit;
			sourceTree = "<group>";
		};
		6003F594195388D20070C39A /* Supporting Files */ = {
			isa = PBXGroup;
			children = (
				371067C61CB37F610063E499 /* Launch Screen.storyboard */,
				6003F595195388D20070C39A /* HYMapKit-Info.plist */,
				6003F596195388D20070C39A /* InfoPlist.strings */,
				6003F599195388D20070C39A /* main.m */,
				6003F59B195388D20070C39A /* HYMapKit-Prefix.pch */,
			);
			name = "Supporting Files";
			sourceTree = "<group>";
		};
		60FF7A9C1954A5C5007DD14C /* Podspec Metadata */ = {
			isa = PBXGroup;
			children = (
				48BF1F76A473DDCFD94952D8 /* HYMapKit.podspec */,
				73961BF27C3688FC2476B49B /* README.md */,
				74F8D0E39B1C5ECC1C940479 /* LICENSE */,
			);
			name = "Podspec Metadata";
			sourceTree = "<group>";
		};
/* End PBXGroup section */

/* Begin PBXNativeTarget section */
		6003F589195388D20070C39A /* HYMapKit_Example */ = {
			isa = PBXNativeTarget;
			buildConfigurationList = 6003F5BF195388D20070C39A /* Build configuration list for PBXNativeTarget "HYMapKit_Example" */;
			buildPhases = (
				1C4B5E5B52088DC1141C231B /* Check Pods Manifest.lock */,
				6003F586195388D20070C39A /* Sources */,
				6003F587195388D20070C39A /* Frameworks */,
				6003F588195388D20070C39A /* Resources */,
				7A84296C8AE16681EA5067DD /* Embed Pods Frameworks */,
				C59486E231951592034D1AED /* Copy Pods Resources */,
			);
			buildRules = (
			);
			dependencies = (
			);
			name = HYMapKit_Example;
			productName = HYMapKit;
			productReference = 6003F58A195388D20070C39A /* HYMapKit_Example.app */;
			productType = "com.apple.product-type.application";
		};
/* End PBXNativeTarget section */

/* Begin PBXProject section */
		6003F582195388D10070C39A /* Project object */ = {
			isa = PBXProject;
			attributes = {
				CLASSPREFIX = SL;
				LastUpgradeCheck = 0720;
				ORGANIZATIONNAME = parallelWorld;
			};
			buildConfigurationList = 6003F585195388D10070C39A /* Build configuration list for PBXProject "HYMapKit" */;
			compatibilityVersion = "Xcode 3.2";
			developmentRegion = English;
			hasScannedForEncodings = 0;
			knownRegions = (
				en,
				Base,
			);
			mainGroup = 6003F581195388D10070C39A;
			productRefGroup = 6003F58B195388D20070C39A /* Products */;
			projectDirPath = "";
			projectRoot = "";
			targets = (
				6003F589195388D20070C39A /* HYMapKit_Example */,
			);
		};
/* End PBXProject section */

/* Begin PBXResourcesBuildPhase section */
		6003F588195388D20070C39A /* Resources */ = {
			isa = PBXResourcesBuildPhase;
			buildActionMask = 2147483647;
			files = (
				371067C71CB37F610063E499 /* Launch Screen.storyboard in Resources */,
				6003F5A9195388D20070C39A /* Images.xcassets in Resources */,
				6003F598195388D20070C39A /* InfoPlist.strings in Resources */,
			);
			runOnlyForDeploymentPostprocessing = 0;
		};
/* End PBXResourcesBuildPhase section */

/* Begin PBXShellScriptBuildPhase section */
		1C4B5E5B52088DC1141C231B /* Check Pods Manifest.lock */ = {
			isa = PBXShellScriptBuildPhase;
			buildActionMask = 2147483647;
			files = (
			);
			inputPaths = (
			);
			name = "Check Pods Manifest.lock";
			outputPaths = (
			);
			runOnlyForDeploymentPostprocessing = 0;
			shellPath = /bin/sh;
			shellScript = "diff \"${PODS_ROOT}/../Podfile.lock\" \"${PODS_ROOT}/Manifest.lock\" > /dev/null\nif [[ $? != 0 ]] ; then\n    cat << EOM\nerror: The sandbox is not in sync with the Podfile.lock. Run 'pod install' or update your CocoaPods installation.\nEOM\n    exit 1\nfi\n";
			showEnvVarsInLog = 0;
		};
		7A84296C8AE16681EA5067DD /* Embed Pods Frameworks */ = {
			isa = PBXShellScriptBuildPhase;
			buildActionMask = 2147483647;
			files = (
			);
			inputPaths = (
			);
			name = "Embed Pods Frameworks";
			outputPaths = (
			);
			runOnlyForDeploymentPostprocessing = 0;
			shellPath = /bin/sh;
			shellScript = "\"${SRCROOT}/Pods/Target Support Files/Pods-HYMapKit_Example/Pods-HYMapKit_Example-frameworks.sh\"\n";
			showEnvVarsInLog = 0;
		};
		C59486E231951592034D1AED /* Copy Pods Resources */ = {
			isa = PBXShellScriptBuildPhase;
			buildActionMask = 2147483647;
			files = (
			);
			inputPaths = (
			);
			name = "Copy Pods Resources";
			outputPaths = (
			);
			runOnlyForDeploymentPostprocessing = 0;
			shellPath = /bin/sh;
			shellScript = "\"${SRCROOT}/Pods/Target Support Files/Pods-HYMapKit_Example/Pods-HYMapKit_Example-resources.sh\"\n";
			showEnvVarsInLog = 0;
		};
/* End PBXShellScriptBuildPhase section */

/* Begin PBXSourcesBuildPhase section */
		6003F586195388D20070C39A /* Sources */ = {
			isa = PBXSourcesBuildPhase;
			buildActionMask = 2147483647;
			files = (
				371067DD1CB3828F0063E499 /* SLGaodeMapViewController.m in Sources */,
				371067F21CB38D750063E499 /* SLAppleAnnotationView.m in Sources */,
				371067E31CB38ADD0063E499 /* SLAppleAnnotation.m in Sources */,
				371067D71CB382710063E499 /* SLAppleMapViewController.m in Sources */,
				371067F81CB393980063E499 /* SLGaodeAnnotationView.m in Sources */,
				371067FE1CB3956B0063E499 /* SLBaiduAnnotationView.m in Sources */,
				371067D31CB3820E0063E499 /* SLRootViewController.m in Sources */,
				6003F59E195388D20070C39A /* SLAppDelegate.m in Sources */,
				6003F59A195388D20070C39A /* main.m in Sources */,
				371067F51CB3936A0063E499 /* SLGaodeAnnotation.m in Sources */,
				371067DA1CB3827E0063E499 /* SLBaiduMapViewController.m in Sources */,
				371067E01CB387D30063E499 /* SLBaseMapViewController.m in Sources */,
				371067FB1CB3954A0063E499 /* SLBaiduAnnotation.m in Sources */,
			);
			runOnlyForDeploymentPostprocessing = 0;
		};
/* End PBXSourcesBuildPhase section */

/* Begin PBXVariantGroup section */
		6003F596195388D20070C39A /* InfoPlist.strings */ = {
			isa = PBXVariantGroup;
			children = (
				6003F597195388D20070C39A /* en */,
			);
			name = InfoPlist.strings;
			sourceTree = "<group>";
		};
/* End PBXVariantGroup section */

/* Begin XCBuildConfiguration section */
		6003F5BD195388D20070C39A /* Debug */ = {
			isa = XCBuildConfiguration;
			buildSettings = {
				ALWAYS_SEARCH_USER_PATHS = NO;
				CLANG_CXX_LANGUAGE_STANDARD = "gnu++0x";
				CLANG_CXX_LIBRARY = "libc++";
				CLANG_ENABLE_MODULES = YES;
				CLANG_ENABLE_OBJC_ARC = YES;
				CLANG_WARN_BOOL_CONVERSION = YES;
				CLANG_WARN_CONSTANT_CONVERSION = YES;
				CLANG_WARN_DIRECT_OBJC_ISA_USAGE = YES_ERROR;
				CLANG_WARN_EMPTY_BODY = YES;
				CLANG_WARN_ENUM_CONVERSION = YES;
				CLANG_WARN_INT_CONVERSION = YES;
				CLANG_WARN_OBJC_ROOT_CLASS = YES_ERROR;
				CLANG_WARN__DUPLICATE_METHOD_MATCH = YES;
				"CODE_SIGN_IDENTITY[sdk=iphoneos*]" = "iPhone Developer";
				COPY_PHASE_STRIP = NO;
				ENABLE_TESTABILITY = YES;
				GCC_C_LANGUAGE_STANDARD = gnu99;
				GCC_DYNAMIC_NO_PIC = NO;
				GCC_OPTIMIZATION_LEVEL = 0;
				GCC_PREPROCESSOR_DEFINITIONS = (
					"DEBUG=1",
					"$(inherited)",
				);
				GCC_SYMBOLS_PRIVATE_EXTERN = NO;
				GCC_WARN_64_TO_32_BIT_CONVERSION = YES;
				GCC_WARN_ABOUT_RETURN_TYPE = YES_ERROR;
				GCC_WARN_UNDECLARED_SELECTOR = YES;
				GCC_WARN_UNINITIALIZED_AUTOS = YES_AGGRESSIVE;
				GCC_WARN_UNUSED_FUNCTION = YES;
				GCC_WARN_UNUSED_VARIABLE = YES;
				IPHONEOS_DEPLOYMENT_TARGET = 7.1;
				ONLY_ACTIVE_ARCH = YES;
				SDKROOT = iphoneos;
				TARGETED_DEVICE_FAMILY = "1,2";
			};
			name = Debug;
		};
		6003F5BE195388D20070C39A /* Release */ = {
			isa = XCBuildConfiguration;
			buildSettings = {
				ALWAYS_SEARCH_USER_PATHS = NO;
				CLANG_CXX_LANGUAGE_STANDARD = "gnu++0x";
				CLANG_CXX_LIBRARY = "libc++";
				CLANG_ENABLE_MODULES = YES;
				CLANG_ENABLE_OBJC_ARC = YES;
				CLANG_WARN_BOOL_CONVERSION = YES;
				CLANG_WARN_CONSTANT_CONVERSION = YES;
				CLANG_WARN_DIRECT_OBJC_ISA_USAGE = YES_ERROR;
				CLANG_WARN_EMPTY_BODY = YES;
				CLANG_WARN_ENUM_CONVERSION = YES;
				CLANG_WARN_INT_CONVERSION = YES;
				CLANG_WARN_OBJC_ROOT_CLASS = YES_ERROR;
				CLANG_WARN__DUPLICATE_METHOD_MATCH = YES;
				"CODE_SIGN_IDENTITY[sdk=iphoneos*]" = "iPhone Developer";
				COPY_PHASE_STRIP = YES;
				ENABLE_NS_ASSERTIONS = NO;
				GCC_C_LANGUAGE_STANDARD = gnu99;
				GCC_WARN_64_TO_32_BIT_CONVERSION = YES;
				GCC_WARN_ABOUT_RETURN_TYPE = YES_ERROR;
				GCC_WARN_UNDECLARED_SELECTOR = YES;
				GCC_WARN_UNINITIALIZED_AUTOS = YES_AGGRESSIVE;
				GCC_WARN_UNUSED_FUNCTION = YES;
				GCC_WARN_UNUSED_VARIABLE = YES;
				IPHONEOS_DEPLOYMENT_TARGET = 7.1;
				SDKROOT = iphoneos;
				TARGETED_DEVICE_FAMILY = "1,2";
				VALIDATE_PRODUCT = YES;
			};
			name = Release;
		};
		6003F5C0195388D20070C39A /* Debug */ = {
			isa = XCBuildConfiguration;
			baseConfigurationReference = 91E123801B5EC243AC1CBC47 /* Pods-HYMapKit_Example.debug.xcconfig */;
			buildSettings = {
				ASSETCATALOG_COMPILER_APPICON_NAME = AppIcon;
				ASSETCATALOG_COMPILER_LAUNCHIMAGE_NAME = LaunchImage;
				GCC_PRECOMPILE_PREFIX_HEADER = YES;
				GCC_PREFIX_HEADER = "HYMapKit/HYMapKit-Prefix.pch";
				INFOPLIST_FILE = "HYMapKit/HYMapKit-Info.plist";
				MODULE_NAME = ExampleApp;
				PRODUCT_BUNDLE_IDENTIFIER = com.parallelworld.maptest;
				PRODUCT_NAME = "$(TARGET_NAME)";
				WRAPPER_EXTENSION = app;
			};
			name = Debug;
		};
		6003F5C1195388D20070C39A /* Release */ = {
			isa = XCBuildConfiguration;
			baseConfigurationReference = 32D221AA7C2B3CBE6C7AD93A /* Pods-HYMapKit_Example.release.xcconfig */;
			buildSettings = {
				ASSETCATALOG_COMPILER_APPICON_NAME = AppIcon;
				ASSETCATALOG_COMPILER_LAUNCHIMAGE_NAME = LaunchImage;
				GCC_PRECOMPILE_PREFIX_HEADER = YES;
				GCC_PREFIX_HEADER = "HYMapKit/HYMapKit-Prefix.pch";
				INFOPLIST_FILE = "HYMapKit/HYMapKit-Info.plist";
				MODULE_NAME = ExampleApp;
				PRODUCT_BUNDLE_IDENTIFIER = com.parallelworld.maptest;
				PRODUCT_NAME = "$(TARGET_NAME)";
				WRAPPER_EXTENSION = app;
			};
			name = Release;
		};
/* End XCBuildConfiguration section */

/* Begin XCConfigurationList section */
		6003F585195388D10070C39A /* Build configuration list for PBXProject "HYMapKit" */ = {
			isa = XCConfigurationList;
			buildConfigurations = (
				6003F5BD195388D20070C39A /* Debug */,
				6003F5BE195388D20070C39A /* Release */,
			);
			defaultConfigurationIsVisible = 0;
			defaultConfigurationName = Release;
		};
		6003F5BF195388D20070C39A /* Build configuration list for PBXNativeTarget "HYMapKit_Example" */ = {
			isa = XCConfigurationList;
			buildConfigurations = (
				6003F5C0195388D20070C39A /* Debug */,
				6003F5C1195388D20070C39A /* Release */,
			);
			defaultConfigurationIsVisible = 0;
			defaultConfigurationName = Release;
		};
/* End XCConfigurationList section */
	};
	rootObject = 6003F582195388D10070C39A /* Project object */;
}
